{
  "name": "figma-quick-notes-widget",
  "version": "1.0.0",
  "lockfileVersion": 2,
  "requires": true,
  "packages": {
    "": {
      "name": "figma-quick-notes-widget",
      "version": "1.0.0",
      "license": "MIT",
      "devDependencies": {
        "@figma/widget-typings": "^1.9.0",
        "typescript": "^5.3.3"
      }
    },
    "node_modules/@figma/plugin-typings": {
      "version": "1.119.0",
      "resolved": "https://registry.npmjs.org/@figma/plugin-typings/-/plugin-typings-1.119.0.tgz",
      "integrity": "sha512-DxNa0LwOBublet2iXa30Bt8zUmHXDnLrSiJOSHfL8KjyxpZv15GHgV5TIenvGI84QbQTKmXwOMAwmX/QDeDNWw==",
      "dev": true,
      "peer": true
    },
    "node_modules/@figma/widget-typings": {
      "version": "1.12.1",
      "resolved": "https://registry.npmjs.org/@figma/widget-typings/-/widget-typings-1.12.1.tgz",
      "integrity": "sha512-gGbbt3QObRMiuGrehq+awTcRfNP64o4RKdpRvsNFbQZNL1JlqIKma+RfuPgBvs2X8b1tFeSJQHNBnou9rHFEYw==",
      "dev": true,
      "peerDependencies": {
        "@figma/plugin-typings": "1.x"
      }
    },
    "node_modules/typescript": {
      "version": "5.9.3",
      "resolved": "https://registry.npmjs.org/typescript/-/typescript-5.9.3.tgz",
      "integrity": "sha512-jl1vZzPDinLr9eUt3J/t7V6FgNEw9QjvBPdysz9KfQDD41fQrC2Y4vKQdiaUpFT4bXlb1RHhLpp8wtm6M5TgSw==",
      "dev": true,
      "bin": {
        "tsc": "bin/tsc",
        "tsserver": "bin/tsserver"
      },
      "engines": {
        "node": ">=14.17"
      }
    }
  },
  "dependencies": {
    "@figma/plugin-typings": {
      "version": "1.119.0",
      "resolved": "https://registry.npmjs.org/@figma/plugin-typings/-/plugin-typings-1.119.0.tgz",
      "integrity": "sha512-DxNa0LwOBublet2iXa30Bt8zUmHXDnLrSiJOSHfL8KjyxpZv15GHgV5TIenvGI84QbQTKmXwOMAwmX/QDeDNWw==",
      "dev": true,
      "peer": true
    },
    "@figma/widget-typings": {
      "version": "1.12.1",
      "resolved": "https://registry.npmjs.org/@figma/widget-typings/-/widget-typings-1.12.1.tgz",
      "integrity": "sha512-gGbbt3QObRMiuGrehq+awTcRfNP64o4RKdpRvsNFbQZNL1JlqIKma+RfuPgBvs2X8b1tFeSJQHNBnou9rHFEYw==",
      "dev": true,
      "requires": {}
    },
    "typescript": {
      "version": "5.9.3",
      "resolved": "https://registry.npmjs.org/typescript/-/typescript-5.9.3.tgz",
      "integrity": "sha512-jl1vZzPDinLr9eUt3J/t7V6FgNEw9QjvBPdysz9KfQDD41fQrC2Y4vKQdiaUpFT4bXlb1RHhLpp8wtm6M5TgSw==",
      "dev": true
    }
  }
}
